// !$*UTF8*$!
{
	archiveVersion = 1;
	classes = {
	};
	objectVersion = 50;
	objects = {

/* Begin PBXBuildFile section */
		1E7D6E5C207EFF9900A438DB /* ProfilePasswordChangeViewController.swift in Sources */ = {isa = PBXBuildFile; fileRef = 1E7D6E5B207EFF9900A438DB /* ProfilePasswordChangeViewController.swift */; };
		1E8C8DC82072009300F4F673 /* AppDelegate.swift in Sources */ = {isa = PBXBuildFile; fileRef = 1E8C8DC72072009300F4F673 /* AppDelegate.swift */; };
		1E8C8DCA2072009300F4F673 /* SearchTabViewController.swift in Sources */ = {isa = PBXBuildFile; fileRef = 1E8C8DC92072009300F4F673 /* SearchTabViewController.swift */; };
		1E8C8DCD2072009300F4F673 /* MainFlow.storyboard in Resources */ = {isa = PBXBuildFile; fileRef = 1E8C8DCB2072009300F4F673 /* MainFlow.storyboard */; };
		1E8C8DCF2072009400F4F673 /* Assets.xcassets in Resources */ = {isa = PBXBuildFile; fileRef = 1E8C8DCE2072009400F4F673 /* Assets.xcassets */; };
		1E8C8DD22072009400F4F673 /* LaunchScreen.storyboard in Resources */ = {isa = PBXBuildFile; fileRef = 1E8C8DD02072009400F4F673 /* LaunchScreen.storyboard */; };
		1E9E0B8820773FDB0035486A /* Animations.swift in Sources */ = {isa = PBXBuildFile; fileRef = 1E9E0B8720773FDB0035486A /* Animations.swift */; };
		1E9E0B8A20773FEC0035486A /* DrawableExtensions.swift in Sources */ = {isa = PBXBuildFile; fileRef = 1E9E0B8920773FEC0035486A /* DrawableExtensions.swift */; };
		1EA0DEA02073652300971DCB /* ProfileDetailViewController.swift in Sources */ = {isa = PBXBuildFile; fileRef = 1EA0DE9F2073652300971DCB /* ProfileDetailViewController.swift */; };
		1EA0DEA22073653800971DCB /* BecomeHostViewController.swift in Sources */ = {isa = PBXBuildFile; fileRef = 1EA0DEA12073653800971DCB /* BecomeHostViewController.swift */; };
		1EA0DEA52073698800971DCB /* SettingViewController.swift in Sources */ = {isa = PBXBuildFile; fileRef = 1EA0DEA42073698800971DCB /* SettingViewController.swift */; };
		1EB6A939207466DD00D000EF /* UserModels.swift in Sources */ = {isa = PBXBuildFile; fileRef = 1EB6A938207466DD00D000EF /* UserModels.swift */; };
		1EB6A93B2074674C00D000EF /* HouseModels.swift in Sources */ = {isa = PBXBuildFile; fileRef = 1EB6A93A2074674C00D000EF /* HouseModels.swift */; };
		1EB6A93D2074795A00D000EF /* SignUpEmailPhoneViewController.swift in Sources */ = {isa = PBXBuildFile; fileRef = 1EB6A93C2074795A00D000EF /* SignUpEmailPhoneViewController.swift */; };
		1EB6A93F20747F3E00D000EF /* NetworkModels.swift in Sources */ = {isa = PBXBuildFile; fileRef = 1EB6A93E20747F3E00D000EF /* NetworkModels.swift */; };
		1EC05838207258C9005D24E0 /* LoginFlow.storyboard in Resources */ = {isa = PBXBuildFile; fileRef = 1EC05836207258C9005D24E0 /* LoginFlow.storyboard */; };
		1EC0583B20725970005D24E0 /* UploadFlow.storyboard in Resources */ = {isa = PBXBuildFile; fileRef = 1EC0583920725970005D24E0 /* UploadFlow.storyboard */; };
		1ECDAD292084667100C2FDB1 /* SearchFiltersViewController.swift in Sources */ = {isa = PBXBuildFile; fileRef = 1ECDAD282084667100C2FDB1 /* SearchFiltersViewController.swift */; };
		1ECDAD2B20846CF000C2FDB1 /* HouseDetailViewController.swift in Sources */ = {isa = PBXBuildFile; fileRef = 1ECDAD2A20846CF000C2FDB1 /* HouseDetailViewController.swift */; };
		2510C577AAE7421246196775 /* Pods_Finn.framework in Frameworks */ = {isa = PBXBuildFile; fileRef = 61469443F95D9982AA5910DA /* Pods_Finn.framework */; };
		351A0BA42074B76900A288FB /* UploadIntroViewController.swift in Sources */ = {isa = PBXBuildFile; fileRef = 351A0BA32074B76900A288FB /* UploadIntroViewController.swift */; };
		351A0BA82074B7F900A288FB /* RoomAddressViewController.swift in Sources */ = {isa = PBXBuildFile; fileRef = 351A0BA72074B7F900A288FB /* RoomAddressViewController.swift */; };
		351A0BAC2074B87A00A288FB /* ConvenientViewController.swift in Sources */ = {isa = PBXBuildFile; fileRef = 351A0BAB2074B87A00A288FB /* ConvenientViewController.swift */; };
		351A0BAE2074B96700A288FB /* RoomImageAddViewController.swift in Sources */ = {isa = PBXBuildFile; fileRef = 351A0BAD2074B96700A288FB /* RoomImageAddViewController.swift */; };
		351A0BB02074B98E00A288FB /* RoomImagePreviewViewController.swift in Sources */ = {isa = PBXBuildFile; fileRef = 351A0BAF2074B98E00A288FB /* RoomImagePreviewViewController.swift */; };
		351A0BB22074B9F300A288FB /* RoomDescriptViewController.swift in Sources */ = {isa = PBXBuildFile; fileRef = 351A0BB12074B9F300A288FB /* RoomDescriptViewController.swift */; };
		351A0BB42074BA2100A288FB /* ReservationSettingViewController.swift in Sources */ = {isa = PBXBuildFile; fileRef = 351A0BB32074BA2100A288FB /* ReservationSettingViewController.swift */; };
		351A0BB62074BA4700A288FB /* ReservationCalenderViewController.swift in Sources */ = {isa = PBXBuildFile; fileRef = 351A0BB52074BA4700A288FB /* ReservationCalenderViewController.swift */; };
		3562D7A02086EE9D002C254E /* AddressInputViewController.swift in Sources */ = {isa = PBXBuildFile; fileRef = 3562D79F2086EE9D002C254E /* AddressInputViewController.swift */; };
		35D8B62E20735634008EEA2E /* UploadFlowMainViewController.swift in Sources */ = {isa = PBXBuildFile; fileRef = 35D8B62D20735634008EEA2E /* UploadFlowMainViewController.swift */; };
		98451258208853610038F362 /* PhotoPickerViewController.swift in Sources */ = {isa = PBXBuildFile; fileRef = 98451257208853610038F362 /* PhotoPickerViewController.swift */; };
		9845125A208854360038F362 /* CalendarData.swift in Sources */ = {isa = PBXBuildFile; fileRef = 98451259208854360038F362 /* CalendarData.swift */; };
		98EFBEC620720AA4002F3A60 /* LoginViewController.swift in Sources */ = {isa = PBXBuildFile; fileRef = 98EFBEC520720AA4002F3A60 /* LoginViewController.swift */; };
		98EFBEC820720AB3002F3A60 /* SignUpNameViewController.swift in Sources */ = {isa = PBXBuildFile; fileRef = 98EFBEC720720AB2002F3A60 /* SignUpNameViewController.swift */; };
		98EFBECA20720ACA002F3A60 /* WelcomeLoginViewController.swift in Sources */ = {isa = PBXBuildFile; fileRef = 98EFBEC920720ACA002F3A60 /* WelcomeLoginViewController.swift */; };
		98EFBECC20720B1E002F3A60 /* ProfileTabViewController.swift in Sources */ = {isa = PBXBuildFile; fileRef = 98EFBECB20720B1E002F3A60 /* ProfileTabViewController.swift */; };
/* End PBXBuildFile section */

/* Begin PBXFileReference section */
		06FBF5FA90CDBB1779124772 /* Pods-Finn.release.xcconfig */ = {isa = PBXFileReference; includeInIndex = 1; lastKnownFileType = text.xcconfig; name = "Pods-Finn.release.xcconfig"; path = "Pods/Target Support Files/Pods-Finn/Pods-Finn.release.xcconfig"; sourceTree = "<group>"; };
		1E7D6E5B207EFF9900A438DB /* ProfilePasswordChangeViewController.swift */ = {isa = PBXFileReference; lastKnownFileType = sourcecode.swift; path = ProfilePasswordChangeViewController.swift; sourceTree = "<group>"; };
		1E8C8DC42072009300F4F673 /* Finn.app */ = {isa = PBXFileReference; explicitFileType = wrapper.application; includeInIndex = 0; path = Finn.app; sourceTree = BUILT_PRODUCTS_DIR; };
		1E8C8DC72072009300F4F673 /* AppDelegate.swift */ = {isa = PBXFileReference; lastKnownFileType = sourcecode.swift; path = AppDelegate.swift; sourceTree = "<group>"; };
		1E8C8DC92072009300F4F673 /* SearchTabViewController.swift */ = {isa = PBXFileReference; lastKnownFileType = sourcecode.swift; path = SearchTabViewController.swift; sourceTree = "<group>"; };
		1E8C8DCC2072009300F4F673 /* Base */ = {isa = PBXFileReference; lastKnownFileType = file.storyboard; name = Base; path = Base.lproj/MainFlow.storyboard; sourceTree = "<group>"; };
		1E8C8DCE2072009400F4F673 /* Assets.xcassets */ = {isa = PBXFileReference; lastKnownFileType = folder.assetcatalog; path = Assets.xcassets; sourceTree = "<group>"; };
		1E8C8DD12072009400F4F673 /* Base */ = {isa = PBXFileReference; lastKnownFileType = file.storyboard; name = Base; path = Base.lproj/LaunchScreen.storyboard; sourceTree = "<group>"; };
		1E8C8DD32072009400F4F673 /* Info.plist */ = {isa = PBXFileReference; lastKnownFileType = text.plist.xml; path = Info.plist; sourceTree = "<group>"; };
		1E9E0B8720773FDB0035486A /* Animations.swift */ = {isa = PBXFileReference; lastKnownFileType = sourcecode.swift; path = Animations.swift; sourceTree = "<group>"; };
		1E9E0B8920773FEC0035486A /* DrawableExtensions.swift */ = {isa = PBXFileReference; lastKnownFileType = sourcecode.swift; path = DrawableExtensions.swift; sourceTree = "<group>"; };
		1EA0DE9F2073652300971DCB /* ProfileDetailViewController.swift */ = {isa = PBXFileReference; lastKnownFileType = sourcecode.swift; path = ProfileDetailViewController.swift; sourceTree = "<group>"; };
		1EA0DEA12073653800971DCB /* BecomeHostViewController.swift */ = {isa = PBXFileReference; lastKnownFileType = sourcecode.swift; path = BecomeHostViewController.swift; sourceTree = "<group>"; };
		1EA0DEA42073698800971DCB /* SettingViewController.swift */ = {isa = PBXFileReference; lastKnownFileType = sourcecode.swift; path = SettingViewController.swift; sourceTree = "<group>"; };
		1EB6A938207466DD00D000EF /* UserModels.swift */ = {isa = PBXFileReference; lastKnownFileType = sourcecode.swift; path = UserModels.swift; sourceTree = "<group>"; };
		1EB6A93A2074674C00D000EF /* HouseModels.swift */ = {isa = PBXFileReference; lastKnownFileType = sourcecode.swift; path = HouseModels.swift; sourceTree = "<group>"; };
		1EB6A93C2074795A00D000EF /* SignUpEmailPhoneViewController.swift */ = {isa = PBXFileReference; lastKnownFileType = sourcecode.swift; path = SignUpEmailPhoneViewController.swift; sourceTree = "<group>"; };
		1EB6A93E20747F3E00D000EF /* NetworkModels.swift */ = {isa = PBXFileReference; lastKnownFileType = sourcecode.swift; path = NetworkModels.swift; sourceTree = "<group>"; };
		1EC05837207258C9005D24E0 /* Base */ = {isa = PBXFileReference; lastKnownFileType = file.storyboard; name = Base; path = Base.lproj/LoginFlow.storyboard; sourceTree = "<group>"; };
		1EC0583A20725970005D24E0 /* Base */ = {isa = PBXFileReference; lastKnownFileType = file.storyboard; name = Base; path = Base.lproj/UploadFlow.storyboard; sourceTree = "<group>"; };
		1ECDAD282084667100C2FDB1 /* SearchFiltersViewController.swift */ = {isa = PBXFileReference; lastKnownFileType = sourcecode.swift; path = SearchFiltersViewController.swift; sourceTree = "<group>"; };
		1ECDAD2A20846CF000C2FDB1 /* HouseDetailViewController.swift */ = {isa = PBXFileReference; lastKnownFileType = sourcecode.swift; path = HouseDetailViewController.swift; sourceTree = "<group>"; };
		350E61302072041C00904768 /* KakaoOpenSDK.framework */ = {isa = PBXFileReference; lastKnownFileType = wrapper.framework; name = KakaoOpenSDK.framework; path = Finn/Framework/KakaoOpenSDK.framework; sourceTree = "<group>"; };
		350E6132207205D400904768 /* Finn-Bridging-Header.h */ = {isa = PBXFileReference; lastKnownFileType = sourcecode.c.h; path = "Finn-Bridging-Header.h"; sourceTree = "<group>"; };
		351A0BA32074B76900A288FB /* UploadIntroViewController.swift */ = {isa = PBXFileReference; lastKnownFileType = sourcecode.swift; path = UploadIntroViewController.swift; sourceTree = "<group>"; };
		351A0BA72074B7F900A288FB /* RoomAddressViewController.swift */ = {isa = PBXFileReference; lastKnownFileType = sourcecode.swift; path = RoomAddressViewController.swift; sourceTree = "<group>"; };
		351A0BAB2074B87A00A288FB /* ConvenientViewController.swift */ = {isa = PBXFileReference; lastKnownFileType = sourcecode.swift; path = ConvenientViewController.swift; sourceTree = "<group>"; };
		351A0BAD2074B96700A288FB /* RoomImageAddViewController.swift */ = {isa = PBXFileReference; lastKnownFileType = sourcecode.swift; path = RoomImageAddViewController.swift; sourceTree = "<group>"; };
		351A0BAF2074B98E00A288FB /* RoomImagePreviewViewController.swift */ = {isa = PBXFileReference; lastKnownFileType = sourcecode.swift; path = RoomImagePreviewViewController.swift; sourceTree = "<group>"; };
		351A0BB12074B9F300A288FB /* RoomDescriptViewController.swift */ = {isa = PBXFileReference; lastKnownFileType = sourcecode.swift; path = RoomDescriptViewController.swift; sourceTree = "<group>"; };
		351A0BB32074BA2100A288FB /* ReservationSettingViewController.swift */ = {isa = PBXFileReference; lastKnownFileType = sourcecode.swift; path = ReservationSettingViewController.swift; sourceTree = "<group>"; };
		351A0BB52074BA4700A288FB /* ReservationCalenderViewController.swift */ = {isa = PBXFileReference; lastKnownFileType = sourcecode.swift; path = ReservationCalenderViewController.swift; sourceTree = "<group>"; };
		3562D79F2086EE9D002C254E /* AddressInputViewController.swift */ = {isa = PBXFileReference; lastKnownFileType = sourcecode.swift; path = AddressInputViewController.swift; sourceTree = "<group>"; };
		35D8B62D20735634008EEA2E /* UploadFlowMainViewController.swift */ = {isa = PBXFileReference; lastKnownFileType = sourcecode.swift; path = UploadFlowMainViewController.swift; sourceTree = "<group>"; };
		61469443F95D9982AA5910DA /* Pods_Finn.framework */ = {isa = PBXFileReference; explicitFileType = wrapper.framework; includeInIndex = 0; path = Pods_Finn.framework; sourceTree = BUILT_PRODUCTS_DIR; };
		808D50B1236199C7088AC0C0 /* Pods-Finn.debug.xcconfig */ = {isa = PBXFileReference; includeInIndex = 1; lastKnownFileType = text.xcconfig; name = "Pods-Finn.debug.xcconfig"; path = "Pods/Target Support Files/Pods-Finn/Pods-Finn.debug.xcconfig"; sourceTree = "<group>"; };
		98451257208853610038F362 /* PhotoPickerViewController.swift */ = {isa = PBXFileReference; lastKnownFileType = sourcecode.swift; path = PhotoPickerViewController.swift; sourceTree = "<group>"; };
		98451259208854360038F362 /* CalendarData.swift */ = {isa = PBXFileReference; lastKnownFileType = sourcecode.swift; path = CalendarData.swift; sourceTree = "<group>"; };
		98EFBEC520720AA4002F3A60 /* LoginViewController.swift */ = {isa = PBXFileReference; lastKnownFileType = sourcecode.swift; path = LoginViewController.swift; sourceTree = "<group>"; };
		98EFBEC720720AB2002F3A60 /* SignUpNameViewController.swift */ = {isa = PBXFileReference; lastKnownFileType = sourcecode.swift; path = SignUpNameViewController.swift; sourceTree = "<group>"; };
		98EFBEC920720ACA002F3A60 /* WelcomeLoginViewController.swift */ = {isa = PBXFileReference; lastKnownFileType = sourcecode.swift; path = WelcomeLoginViewController.swift; sourceTree = "<group>"; };
		98EFBECB20720B1E002F3A60 /* ProfileTabViewController.swift */ = {isa = PBXFileReference; lastKnownFileType = sourcecode.swift; path = ProfileTabViewController.swift; sourceTree = "<group>"; };
/* End PBXFileReference section */

/* Begin PBXFrameworksBuildPhase section */
		1E8C8DC12072009300F4F673 /* Frameworks */ = {
			isa = PBXFrameworksBuildPhase;
			buildActionMask = 2147483647;
			files = (
				2510C577AAE7421246196775 /* Pods_Finn.framework in Frameworks */,
			);
			runOnlyForDeploymentPostprocessing = 0;
		};
/* End PBXFrameworksBuildPhase section */

/* Begin PBXGroup section */
		1E8C8DBB2072009300F4F673 = {
			isa = PBXGroup;
			children = (
				1E8C8DC62072009300F4F673 /* Finn */,
				1E8C8DC52072009300F4F673 /* Products */,
				44CE1BAFCFCEFA8EFD5088CD /* Pods */,
				CE752654003619FF4BBA5261 /* Frameworks */,
			);
			sourceTree = "<group>";
		};
		1E8C8DC52072009300F4F673 /* Products */ = {
			isa = PBXGroup;
			children = (
				1E8C8DC42072009300F4F673 /* Finn.app */,
			);
			name = Products;
			sourceTree = "<group>";
		};
		1E8C8DC62072009300F4F673 /* Finn */ = {
			isa = PBXGroup;
			children = (
				1E8C8DC72072009300F4F673 /* AppDelegate.swift */,
				1EC0583E207259BD005D24E0 /* Models */,
				1EC0583C20725983005D24E0 /* Controllers */,
				1EC0583D207259A3005D24E0 /* Views */,
				1E8C8DCE2072009400F4F673 /* Assets.xcassets */,
				1E8C8DD32072009400F4F673 /* Info.plist */,
				350E6132207205D400904768 /* Finn-Bridging-Header.h */,
			);
			path = Finn;
			sourceTree = "<group>";
		};
		1EA0DEA3207366A200971DCB /* MainFlow */ = {
			isa = PBXGroup;
			children = (
				98451257208853610038F362 /* PhotoPickerViewController.swift */,
				1E8C8DC92072009300F4F673 /* SearchTabViewController.swift */,
				1ECDAD282084667100C2FDB1 /* SearchFiltersViewController.swift */,
				1ECDAD2A20846CF000C2FDB1 /* HouseDetailViewController.swift */,
				98EFBECB20720B1E002F3A60 /* ProfileTabViewController.swift */,
				1EA0DE9F2073652300971DCB /* ProfileDetailViewController.swift */,
				1E7D6E5B207EFF9900A438DB /* ProfilePasswordChangeViewController.swift */,
				1EA0DEA12073653800971DCB /* BecomeHostViewController.swift */,
				1EA0DEA42073698800971DCB /* SettingViewController.swift */,
			);
			path = MainFlow;
			sourceTree = "<group>";
		};
		1EC0583C20725983005D24E0 /* Controllers */ = {
			isa = PBXGroup;
			children = (
				1EC0584020725A42005D24E0 /* UploadFlow */,
				1EC0583F20725A2D005D24E0 /* LoginFlow */,
				1EA0DEA3207366A200971DCB /* MainFlow */,
			);
			path = Controllers;
			sourceTree = "<group>";
		};
		1EC0583D207259A3005D24E0 /* Views */ = {
			isa = PBXGroup;
			children = (
				1E9E0B8920773FEC0035486A /* DrawableExtensions.swift */,
				1E9E0B8720773FDB0035486A /* Animations.swift */,
				1E8C8DD02072009400F4F673 /* LaunchScreen.storyboard */,
				1E8C8DCB2072009300F4F673 /* MainFlow.storyboard */,
				1EC05836207258C9005D24E0 /* LoginFlow.storyboard */,
				1EC0583920725970005D24E0 /* UploadFlow.storyboard */,
			);
			path = Views;
			sourceTree = "<group>";
		};
		1EC0583E207259BD005D24E0 /* Models */ = {
			isa = PBXGroup;
			children = (
				1EB6A938207466DD00D000EF /* UserModels.swift */,
				1EB6A93A2074674C00D000EF /* HouseModels.swift */,
				1EB6A93E20747F3E00D000EF /* NetworkModels.swift */,
				98451259208854360038F362 /* CalendarData.swift */,
			);
			path = Models;
			sourceTree = "<group>";
		};
		1EC0583F20725A2D005D24E0 /* LoginFlow */ = {
			isa = PBXGroup;
			children = (
				98EFBEC920720ACA002F3A60 /* WelcomeLoginViewController.swift */,
				98EFBEC520720AA4002F3A60 /* LoginViewController.swift */,
				98EFBEC720720AB2002F3A60 /* SignUpNameViewController.swift */,
				1EB6A93C2074795A00D000EF /* SignUpEmailPhoneViewController.swift */,
			);
			path = LoginFlow;
			sourceTree = "<group>";
		};
		1EC0584020725A42005D24E0 /* UploadFlow */ = {
			isa = PBXGroup;
			children = (
				35241767207DF54F00F5B5E0 /* Step1 */,
				35241768207DF58D00F5B5E0 /* Step2 */,
				35241769207DF5B900F5B5E0 /* Step3 */,
				35D8B62D20735634008EEA2E /* UploadFlowMainViewController.swift */,
			);
			path = UploadFlow;
			sourceTree = "<group>";
		};
		35241767207DF54F00F5B5E0 /* Step1 */ = {
			isa = PBXGroup;
			children = (
				351A0BA32074B76900A288FB /* UploadIntroViewController.swift */,
				3562D79F2086EE9D002C254E /* AddressInputViewController.swift */,
				351A0BA72074B7F900A288FB /* RoomAddressViewController.swift */,
				351A0BAB2074B87A00A288FB /* ConvenientViewController.swift */,
			);
			path = Step1;
			sourceTree = "<group>";
		};
		35241768207DF58D00F5B5E0 /* Step2 */ = {
			isa = PBXGroup;
			children = (
				351A0BAD2074B96700A288FB /* RoomImageAddViewController.swift */,
				351A0BAF2074B98E00A288FB /* RoomImagePreviewViewController.swift */,
				351A0BB12074B9F300A288FB /* RoomDescriptViewController.swift */,
			);
			path = Step2;
			sourceTree = "<group>";
		};
		35241769207DF5B900F5B5E0 /* Step3 */ = {
			isa = PBXGroup;
			children = (
				351A0BB52074BA4700A288FB /* ReservationCalenderViewController.swift */,
				351A0BB32074BA2100A288FB /* ReservationSettingViewController.swift */,
			);
			path = Step3;
			sourceTree = "<group>";
		};
		44CE1BAFCFCEFA8EFD5088CD /* Pods */ = {
			isa = PBXGroup;
			children = (
				808D50B1236199C7088AC0C0 /* Pods-Finn.debug.xcconfig */,
				06FBF5FA90CDBB1779124772 /* Pods-Finn.release.xcconfig */,
			);
			name = Pods;
			sourceTree = "<group>";
		};
		CE752654003619FF4BBA5261 /* Frameworks */ = {
			isa = PBXGroup;
			children = (
				350E61302072041C00904768 /* KakaoOpenSDK.framework */,
				61469443F95D9982AA5910DA /* Pods_Finn.framework */,
			);
			name = Frameworks;
			sourceTree = "<group>";
		};
/* End PBXGroup section */

/* Begin PBXNativeTarget section */
		1E8C8DC32072009300F4F673 /* Finn */ = {
			isa = PBXNativeTarget;
			buildConfigurationList = 1E8C8DD62072009400F4F673 /* Build configuration list for PBXNativeTarget "Finn" */;
			buildPhases = (
				7A40CD897718DC21757CF5EB /* [CP] Check Pods Manifest.lock */,
				1E8C8DC02072009300F4F673 /* Sources */,
				1E8C8DC12072009300F4F673 /* Frameworks */,
				1E8C8DC22072009300F4F673 /* Resources */,
				21D409D425C3EE9D5E0D7BC6 /* [CP] Embed Pods Frameworks */,
				B82E9DF9A010964401525302 /* [CP] Copy Pods Resources */,
			);
			buildRules = (
			);
			dependencies = (
			);
			name = Finn;
			productName = Finn;
			productReference = 1E8C8DC42072009300F4F673 /* Finn.app */;
			productType = "com.apple.product-type.application";
		};
/* End PBXNativeTarget section */

/* Begin PBXProject section */
		1E8C8DBC2072009300F4F673 /* Project object */ = {
			isa = PBXProject;
			attributes = {
				LastSwiftUpdateCheck = 0930;
				LastUpgradeCheck = 0930;
				ORGANIZATIONNAME = "Willicious-k";
				TargetAttributes = {
					1E8C8DC32072009300F4F673 = {
						CreatedOnToolsVersion = 9.3;
						LastSwiftMigration = 0930;
					};
				};
			};
			buildConfigurationList = 1E8C8DBF2072009300F4F673 /* Build configuration list for PBXProject "Finn" */;
			compatibilityVersion = "Xcode 9.3";
			developmentRegion = en;
			hasScannedForEncodings = 0;
			knownRegions = (
				en,
				Base,
			);
			mainGroup = 1E8C8DBB2072009300F4F673;
			productRefGroup = 1E8C8DC52072009300F4F673 /* Products */;
			projectDirPath = "";
			projectRoot = "";
			targets = (
				1E8C8DC32072009300F4F673 /* Finn */,
			);
		};
/* End PBXProject section */

/* Begin PBXResourcesBuildPhase section */
		1E8C8DC22072009300F4F673 /* Resources */ = {
			isa = PBXResourcesBuildPhase;
			buildActionMask = 2147483647;
			files = (
				1EC05838207258C9005D24E0 /* LoginFlow.storyboard in Resources */,
				1E8C8DD22072009400F4F673 /* LaunchScreen.storyboard in Resources */,
				1E8C8DCF2072009400F4F673 /* Assets.xcassets in Resources */,
				1E8C8DCD2072009300F4F673 /* MainFlow.storyboard in Resources */,
				1EC0583B20725970005D24E0 /* UploadFlow.storyboard in Resources */,
			);
			runOnlyForDeploymentPostprocessing = 0;
		};
/* End PBXResourcesBuildPhase section */

/* Begin PBXShellScriptBuildPhase section */
		21D409D425C3EE9D5E0D7BC6 /* [CP] Embed Pods Frameworks */ = {
			isa = PBXShellScriptBuildPhase;
			buildActionMask = 2147483647;
			files = (
			);
			inputPaths = (
				"${SRCROOT}/Pods/Target Support Files/Pods-Finn/Pods-Finn-frameworks.sh",
				"${BUILT_PRODUCTS_DIR}/Alamofire/Alamofire.framework",
				"${BUILT_PRODUCTS_DIR}/Bolts/Bolts.framework",
				"${BUILT_PRODUCTS_DIR}/FBSDKCoreKit/FBSDKCoreKit.framework",
				"${BUILT_PRODUCTS_DIR}/FBSDKLoginKit/FBSDKLoginKit.framework",
				"${BUILT_PRODUCTS_DIR}/FSCalendar/FSCalendar.framework",
				"${BUILT_PRODUCTS_DIR}/FacebookCore/FacebookCore.framework",
				"${BUILT_PRODUCTS_DIR}/FacebookLogin/FacebookLogin.framework",
			);
			name = "[CP] Embed Pods Frameworks";
			outputPaths = (
				"${TARGET_BUILD_DIR}/${FRAMEWORKS_FOLDER_PATH}/Alamofire.framework",
				"${TARGET_BUILD_DIR}/${FRAMEWORKS_FOLDER_PATH}/Bolts.framework",
				"${TARGET_BUILD_DIR}/${FRAMEWORKS_FOLDER_PATH}/FBSDKCoreKit.framework",
				"${TARGET_BUILD_DIR}/${FRAMEWORKS_FOLDER_PATH}/FBSDKLoginKit.framework",
				"${TARGET_BUILD_DIR}/${FRAMEWORKS_FOLDER_PATH}/FSCalendar.framework",
				"${TARGET_BUILD_DIR}/${FRAMEWORKS_FOLDER_PATH}/FacebookCore.framework",
				"${TARGET_BUILD_DIR}/${FRAMEWORKS_FOLDER_PATH}/FacebookLogin.framework",
			);
			runOnlyForDeploymentPostprocessing = 0;
			shellPath = /bin/sh;
			shellScript = "\"${SRCROOT}/Pods/Target Support Files/Pods-Finn/Pods-Finn-frameworks.sh\"\n";
			showEnvVarsInLog = 0;
		};
		7A40CD897718DC21757CF5EB /* [CP] Check Pods Manifest.lock */ = {
			isa = PBXShellScriptBuildPhase;
			buildActionMask = 2147483647;
			files = (
			);
			inputPaths = (
				"${PODS_PODFILE_DIR_PATH}/Podfile.lock",
				"${PODS_ROOT}/Manifest.lock",
			);
			name = "[CP] Check Pods Manifest.lock";
			outputPaths = (
				"$(DERIVED_FILE_DIR)/Pods-Finn-checkManifestLockResult.txt",
			);
			runOnlyForDeploymentPostprocessing = 0;
			shellPath = /bin/sh;
			shellScript = "diff \"${PODS_PODFILE_DIR_PATH}/Podfile.lock\" \"${PODS_ROOT}/Manifest.lock\" > /dev/null\nif [ $? != 0 ] ; then\n    # print error to STDERR\n    echo \"error: The sandbox is not in sync with the Podfile.lock. Run 'pod install' or update your CocoaPods installation.\" >&2\n    exit 1\nfi\n# This output is used by Xcode 'outputs' to avoid re-running this script phase.\necho \"SUCCESS\" > \"${SCRIPT_OUTPUT_FILE_0}\"\n";
			showEnvVarsInLog = 0;
		};
		B82E9DF9A010964401525302 /* [CP] Copy Pods Resources */ = {
			isa = PBXShellScriptBuildPhase;
			buildActionMask = 2147483647;
			files = (
			);
			inputPaths = (
			);
			name = "[CP] Copy Pods Resources";
			outputPaths = (
			);
			runOnlyForDeploymentPostprocessing = 0;
			shellPath = /bin/sh;
			shellScript = "\"${SRCROOT}/Pods/Target Support Files/Pods-Finn/Pods-Finn-resources.sh\"\n";
			showEnvVarsInLog = 0;
		};
/* End PBXShellScriptBuildPhase section */

/* Begin PBXSourcesBuildPhase section */
		1E8C8DC02072009300F4F673 /* Sources */ = {
			isa = PBXSourcesBuildPhase;
			buildActionMask = 2147483647;
			files = (
				351A0BB42074BA2100A288FB /* ReservationSettingViewController.swift in Sources */,
				1EA0DEA22073653800971DCB /* BecomeHostViewController.swift in Sources */,
				1EB6A939207466DD00D000EF /* UserModels.swift in Sources */,
				351A0BB22074B9F300A288FB /* RoomDescriptViewController.swift in Sources */,
				98EFBECC20720B1E002F3A60 /* ProfileTabViewController.swift in Sources */,
				98EFBEC620720AA4002F3A60 /* LoginViewController.swift in Sources */,
				1ECDAD292084667100C2FDB1 /* SearchFiltersViewController.swift in Sources */,
				9845125A208854360038F362 /* CalendarData.swift in Sources */,
				35D8B62E20735634008EEA2E /* UploadFlowMainViewController.swift in Sources */,
				1E8C8DCA2072009300F4F673 /* SearchTabViewController.swift in Sources */,
				1EA0DEA52073698800971DCB /* SettingViewController.swift in Sources */,
				98451258208853610038F362 /* PhotoPickerViewController.swift in Sources */,
				351A0BB02074B98E00A288FB /* RoomImagePreviewViewController.swift in Sources */,
				1EB6A93D2074795A00D000EF /* SignUpEmailPhoneViewController.swift in Sources */,
				351A0BAE2074B96700A288FB /* RoomImageAddViewController.swift in Sources */,
				98EFBEC820720AB3002F3A60 /* SignUpNameViewController.swift in Sources */,
				351A0BA42074B76900A288FB /* UploadIntroViewController.swift in Sources */,
				351A0BA82074B7F900A288FB /* RoomAddressViewController.swift in Sources */,
				3562D7A02086EE9D002C254E /* AddressInputViewController.swift in Sources */,
				1ECDAD2B20846CF000C2FDB1 /* HouseDetailViewController.swift in Sources */,
				1EB6A93B2074674C00D000EF /* HouseModels.swift in Sources */,
				1EB6A93F20747F3E00D000EF /* NetworkModels.swift in Sources */,
				1EA0DEA02073652300971DCB /* ProfileDetailViewController.swift in Sources */,
				1E9E0B8A20773FEC0035486A /* DrawableExtensions.swift in Sources */,
				1E9E0B8820773FDB0035486A /* Animations.swift in Sources */,
				351A0BB62074BA4700A288FB /* ReservationCalenderViewController.swift in Sources */,
				351A0BAC2074B87A00A288FB /* ConvenientViewController.swift in Sources */,
				1E7D6E5C207EFF9900A438DB /* ProfilePasswordChangeViewController.swift in Sources */,
				98EFBECA20720ACA002F3A60 /* WelcomeLoginViewController.swift in Sources */,
				1E8C8DC82072009300F4F673 /* AppDelegate.swift in Sources */,
			);
			runOnlyForDeploymentPostprocessing = 0;
		};
/* End PBXSourcesBuildPhase section */

/* Begin PBXVariantGroup section */
		1E8C8DCB2072009300F4F673 /* MainFlow.storyboard */ = {
			isa = PBXVariantGroup;
			children = (
				1E8C8DCC2072009300F4F673 /* Base */,
			);
			name = MainFlow.storyboard;
			sourceTree = "<group>";
		};
		1E8C8DD02072009400F4F673 /* LaunchScreen.storyboard */ = {
			isa = PBXVariantGroup;
			children = (
				1E8C8DD12072009400F4F673 /* Base */,
			);
			name = LaunchScreen.storyboard;
			sourceTree = "<group>";
		};
		1EC05836207258C9005D24E0 /* LoginFlow.storyboard */ = {
			isa = PBXVariantGroup;
			children = (
				1EC05837207258C9005D24E0 /* Base */,
			);
			name = LoginFlow.storyboard;
			sourceTree = "<group>";
		};
		1EC0583920725970005D24E0 /* UploadFlow.storyboard */ = {
			isa = PBXVariantGroup;
			children = (
				1EC0583A20725970005D24E0 /* Base */,
			);
			name = UploadFlow.storyboard;
			sourceTree = "<group>";
		};
/* End PBXVariantGroup section */

/* Begin XCBuildConfiguration section */
		1E8C8DD42072009400F4F673 /* Debug */ = {
			isa = XCBuildConfiguration;
			buildSettings = {
				ALWAYS_SEARCH_USER_PATHS = NO;
				CLANG_ANALYZER_NONNULL = YES;
				CLANG_ANALYZER_NUMBER_OBJECT_CONVERSION = YES_AGGRESSIVE;
				CLANG_CXX_LANGUAGE_STANDARD = "gnu++14";
				CLANG_CXX_LIBRARY = "libc++";
				CLANG_ENABLE_MODULES = YES;
				CLANG_ENABLE_OBJC_ARC = YES;
				CLANG_ENABLE_OBJC_WEAK = YES;
				CLANG_WARN_BLOCK_CAPTURE_AUTORELEASING = YES;
				CLANG_WARN_BOOL_CONVERSION = YES;
				CLANG_WARN_COMMA = YES;
				CLANG_WARN_CONSTANT_CONVERSION = YES;
				CLANG_WARN_DEPRECATED_OBJC_IMPLEMENTATIONS = YES;
				CLANG_WARN_DIRECT_OBJC_ISA_USAGE = YES_ERROR;
				CLANG_WARN_DOCUMENTATION_COMMENTS = YES;
				CLANG_WARN_EMPTY_BODY = YES;
				CLANG_WARN_ENUM_CONVERSION = YES;
				CLANG_WARN_INFINITE_RECURSION = YES;
				CLANG_WARN_INT_CONVERSION = YES;
				CLANG_WARN_NON_LITERAL_NULL_CONVERSION = YES;
				CLANG_WARN_OBJC_IMPLICIT_RETAIN_SELF = YES;
				CLANG_WARN_OBJC_LITERAL_CONVERSION = YES;
				CLANG_WARN_OBJC_ROOT_CLASS = YES_ERROR;
				CLANG_WARN_RANGE_LOOP_ANALYSIS = YES;
				CLANG_WARN_STRICT_PROTOTYPES = YES;
				CLANG_WARN_SUSPICIOUS_MOVE = YES;
				CLANG_WARN_UNGUARDED_AVAILABILITY = YES_AGGRESSIVE;
				CLANG_WARN_UNREACHABLE_CODE = YES;
				CLANG_WARN__DUPLICATE_METHOD_MATCH = YES;
				CODE_SIGN_IDENTITY = "iPhone Developer";
				COPY_PHASE_STRIP = NO;
				DEBUG_INFORMATION_FORMAT = dwarf;
				ENABLE_STRICT_OBJC_MSGSEND = YES;
				ENABLE_TESTABILITY = YES;
				GCC_C_LANGUAGE_STANDARD = gnu11;
				GCC_DYNAMIC_NO_PIC = NO;
				GCC_NO_COMMON_BLOCKS = YES;
				GCC_OPTIMIZATION_LEVEL = 0;
				GCC_PREPROCESSOR_DEFINITIONS = (
					"DEBUG=1",
					"$(inherited)",
				);
				GCC_WARN_64_TO_32_BIT_CONVERSION = YES;
				GCC_WARN_ABOUT_RETURN_TYPE = YES_ERROR;
				GCC_WARN_UNDECLARED_SELECTOR = YES;
				GCC_WARN_UNINITIALIZED_AUTOS = YES_AGGRESSIVE;
				GCC_WARN_UNUSED_FUNCTION = YES;
				GCC_WARN_UNUSED_VARIABLE = YES;
				IPHONEOS_DEPLOYMENT_TARGET = 11.3;
				MTL_ENABLE_DEBUG_INFO = YES;
				ONLY_ACTIVE_ARCH = YES;
				SDKROOT = iphoneos;
				SWIFT_ACTIVE_COMPILATION_CONDITIONS = DEBUG;
				SWIFT_OPTIMIZATION_LEVEL = "-Onone";
			};
			name = Debug;
		};
		1E8C8DD52072009400F4F673 /* Release */ = {
			isa = XCBuildConfiguration;
			buildSettings = {
				ALWAYS_SEARCH_USER_PATHS = NO;
				CLANG_ANALYZER_NONNULL = YES;
				CLANG_ANALYZER_NUMBER_OBJECT_CONVERSION = YES_AGGRESSIVE;
				CLANG_CXX_LANGUAGE_STANDARD = "gnu++14";
				CLANG_CXX_LIBRARY = "libc++";
				CLANG_ENABLE_MODULES = YES;
				CLANG_ENABLE_OBJC_ARC = YES;
				CLANG_ENABLE_OBJC_WEAK = YES;
				CLANG_WARN_BLOCK_CAPTURE_AUTORELEASING = YES;
				CLANG_WARN_BOOL_CONVERSION = YES;
				CLANG_WARN_COMMA = YES;
				CLANG_WARN_CONSTANT_CONVERSION = YES;
				CLANG_WARN_DEPRECATED_OBJC_IMPLEMENTATIONS = YES;
				CLANG_WARN_DIRECT_OBJC_ISA_USAGE = YES_ERROR;
				CLANG_WARN_DOCUMENTATION_COMMENTS = YES;
				CLANG_WARN_EMPTY_BODY = YES;
				CLANG_WARN_ENUM_CONVERSION = YES;
				CLANG_WARN_INFINITE_RECURSION = YES;
				CLANG_WARN_INT_CONVERSION = YES;
				CLANG_WARN_NON_LITERAL_NULL_CONVERSION = YES;
				CLANG_WARN_OBJC_IMPLICIT_RETAIN_SELF = YES;
				CLANG_WARN_OBJC_LITERAL_CONVERSION = YES;
				CLANG_WARN_OBJC_ROOT_CLASS = YES_ERROR;
				CLANG_WARN_RANGE_LOOP_ANALYSIS = YES;
				CLANG_WARN_STRICT_PROTOTYPES = YES;
				CLANG_WARN_SUSPICIOUS_MOVE = YES;
				CLANG_WARN_UNGUARDED_AVAILABILITY = YES_AGGRESSIVE;
				CLANG_WARN_UNREACHABLE_CODE = YES;
				CLANG_WARN__DUPLICATE_METHOD_MATCH = YES;
				CODE_SIGN_IDENTITY = "iPhone Developer";
				COPY_PHASE_STRIP = NO;
				DEBUG_INFORMATION_FORMAT = "dwarf-with-dsym";
				ENABLE_NS_ASSERTIONS = NO;
				ENABLE_STRICT_OBJC_MSGSEND = YES;
				GCC_C_LANGUAGE_STANDARD = gnu11;
				GCC_NO_COMMON_BLOCKS = YES;
				GCC_WARN_64_TO_32_BIT_CONVERSION = YES;
				GCC_WARN_ABOUT_RETURN_TYPE = YES_ERROR;
				GCC_WARN_UNDECLARED_SELECTOR = YES;
				GCC_WARN_UNINITIALIZED_AUTOS = YES_AGGRESSIVE;
				GCC_WARN_UNUSED_FUNCTION = YES;
				GCC_WARN_UNUSED_VARIABLE = YES;
				IPHONEOS_DEPLOYMENT_TARGET = 11.3;
				MTL_ENABLE_DEBUG_INFO = NO;
				SDKROOT = iphoneos;
				SWIFT_COMPILATION_MODE = wholemodule;
				SWIFT_OPTIMIZATION_LEVEL = "-O";
				VALIDATE_PRODUCT = YES;
			};
			name = Release;
		};
		1E8C8DD72072009400F4F673 /* Debug */ = {
			isa = XCBuildConfiguration;
			baseConfigurationReference = 808D50B1236199C7088AC0C0 /* Pods-Finn.debug.xcconfig */;
			buildSettings = {
				ASSETCATALOG_COMPILER_APPICON_NAME = AppIcon;
				CLANG_ENABLE_MODULES = YES;
				CODE_SIGN_STYLE = Manual;
				DEVELOPMENT_TEAM = "";
				FRAMEWORK_SEARCH_PATHS = (
					"$(inherited)",
					"$(PROJECT_DIR)/Finn/Framework",
				);
				INFOPLIST_FILE = Finn/Info.plist;
				LD_RUNPATH_SEARCH_PATHS = (
					"$(inherited)",
					"@executable_path/Frameworks",
				);
				OTHER_LDFLAGS = (
					"$(inherited)",
					"-framework",
					"\"Alamofire\"",
					"-force_load",
					"$(SRCROOT)/Finn/Framework/KakaoOpenSDK.framework/KakaoOpenSDK",
				);
				PRODUCT_BUNDLE_IDENTIFIER = com.willicious.Finn;
				PRODUCT_NAME = "$(TARGET_NAME)";
				PROVISIONING_PROFILE_SPECIFIER = "";
				SWIFT_OBJC_BRIDGING_HEADER = "Finn/Finn-Bridging-Header.h";
				SWIFT_OPTIMIZATION_LEVEL = "-Onone";
				SWIFT_VERSION = 4.0;
				TARGETED_DEVICE_FAMILY = "1,2";
			};
			name = Debug;
		};
		1E8C8DD82072009400F4F673 /* Release */ = {
			isa = XCBuildConfiguration;
			baseConfigurationReference = 06FBF5FA90CDBB1779124772 /* Pods-Finn.release.xcconfig */;
			buildSettings = {
				ASSETCATALOG_COMPILER_APPICON_NAME = AppIcon;
				CLANG_ENABLE_MODULES = YES;
				CODE_SIGN_STYLE = Manual;
				DEVELOPMENT_TEAM = "";
				FRAMEWORK_SEARCH_PATHS = (
					"$(inherited)",
					"$(PROJECT_DIR)/Finn/Framework",
				);
				INFOPLIST_FILE = Finn/Info.plist;
				LD_RUNPATH_SEARCH_PATHS = (
					"$(inherited)",
					"@executable_path/Frameworks",
				);
				OTHER_LDFLAGS = (
					"$(inherited)",
					"-framework",
					"\"Alamofire\"",
					"-force_load",
					"$(SRCROOT)/Finn/Framework/KakaoOpenSDK.framework/KakaoOpenSDK",
				);
				PRODUCT_BUNDLE_IDENTIFIER = com.willicious.Finn;
				PRODUCT_NAME = "$(TARGET_NAME)";
				PROVISIONING_PROFILE_SPECIFIER = "";
				SWIFT_OBJC_BRIDGING_HEADER = "Finn/Finn-Bridging-Header.h";
				SWIFT_VERSION = 4.0;
				TARGETED_DEVICE_FAMILY = "1,2";
			};
			name = Release;
		};
/* End XCBuildConfiguration section */

/* Begin XCConfigurationList section */
		1E8C8DBF2072009300F4F673 /* Build configuration list for PBXProject "Finn" */ = {
			isa = XCConfigurationList;
			buildConfigurations = (
				1E8C8DD42072009400F4F673 /* Debug */,
				1E8C8DD52072009400F4F673 /* Release */,
			);
			defaultConfigurationIsVisible = 0;
			defaultConfigurationName = Release;
		};
		1E8C8DD62072009400F4F673 /* Build configuration list for PBXNativeTarget "Finn" */ = {
			isa = XCConfigurationList;
			buildConfigurations = (
				1E8C8DD72072009400F4F673 /* Debug */,
				1E8C8DD82072009400F4F673 /* Release */,
			);
			defaultConfigurationIsVisible = 0;
			defaultConfigurationName = Release;
		};
/* End XCConfigurationList section */
	};
	rootObject = 1E8C8DBC2072009300F4F673 /* Project object */;
}
